<?xml version="1.0" encoding="utf-8"?>
<Project ToolsVersion="4.0" xmlns="http://schemas.microsoft.com/developer/msbuild/2003">
  <ItemGroup>
    <Filter Include="Source Files">
      <UniqueIdentifier>{4FC737F1-C7A5-4376-A066-2A32D752A2FF}</UniqueIdentifier>
      <Extensions>cpp;c;cc;cxx;c++;cppm;ixx;def;odl;idl;hpj;bat;asm;asmx</Extensions>
    </Filter>
    <Filter Include="Header Files">
      <UniqueIdentifier>{93995380-89BD-4b04-88EB-625FBE52EBFB}</UniqueIdentifier>
      <Extensions>h;hh;hpp;hxx;h++;hm;inl;inc;ipp;xsd</Extensions>
    </Filter>
    <Filter Include="Resource Files">
      <UniqueIdentifier>{67DA6AB6-F800-4c08-8B7A-83BB121AAD01}</UniqueIdentifier>
      <Extensions>rc;ico;cur;bmp;dlg;rc2;rct;bin;rgs;gif;jpg;jpeg;jpe;resx;tiff;tif;png;wav;mfcribbon-ms</Extensions>
    </Filter>
    <Filter Include="Resource Files\graphics">
      <UniqueIdentifier>{fb299980-9ec0-4526-957e-6465a8258630}</UniqueIdentifier>
    </Filter>
    <Filter Include="Resource Files\sound">
      <UniqueIdentifier>{e5534d3e-cd9d-4f8e-a0f7-405224052763}</UniqueIdentifier>
    </Filter>
    <Filter Include="Resource Files\fonts">
      <UniqueIdentifier>{283bed46-5075-4d15-a8c0-5cc0f8b77167}</UniqueIdentifier>
    </Filter>
    <Filter Include="Resource Files\levels">
      <UniqueIdentifier>{f8117fc3-7d06-42dc-bcb5-1c81bf6e83ae}</UniqueIdentifier>
    </Filter>
    <Filter Include="Resource Files\shaders">
      <UniqueIdentifier>{71a98dab-9aa4-4497-a1be-5bee888312de}</UniqueIdentifier>
    </Filter>
    <Filter Include="Source Files\engine">
      <UniqueIdentifier>{08b39cfc-e8c8-4428-87c2-6f7b2e023428}</UniqueIdentifier>
    </Filter>
    <Filter Include="Source Files\ThomasAndBob">
      <UniqueIdentifier>{148d18c6-2e1b-45db-a6f9-c08eeb1f8495}</UniqueIdentifier>
    </Filter>
    <Filter Include="Header Files\ThomasAndBob">
      <UniqueIdentifier>{0ed6261d-7ac8-49dd-b94f-241c85310339}</UniqueIdentifier>
    </Filter>
  </ItemGroup>
  <ItemGroup>
    <ClCompile Include="main.cpp">
      <Filter>Source Files</Filter>
    </ClCompile>
    <ClCompile Include="TextureHolder.cpp">
      <Filter>Source Files</Filter>
    </ClCompile>
    <ClCompile Include="draw.cpp">
      <Filter>Source Files\engine</Filter>
    </ClCompile>
    <ClCompile Include="input.cpp">
      <Filter>Source Files\engine</Filter>
    </ClCompile>
    <ClCompile Include="update.cpp">
      <Filter>Source Files\engine</Filter>
    </ClCompile>
    <ClCompile Include="Engine.cpp">
      <Filter>Source Files\engine</Filter>
    </ClCompile>
    <ClCompile Include="detectCollisions.cpp">
      <Filter>Source Files\engine</Filter>
    </ClCompile>
    <ClCompile Include="loadLevel.cpp">
      <Filter>Source Files\engine</Filter>
    </ClCompile>
    <ClCompile Include="Thomas.cpp">
      <Filter>Source Files\ThomasAndBob</Filter>
    </ClCompile>
    <ClCompile Include="PlayableCharacter.cpp">
      <Filter>Source Files\ThomasAndBob</Filter>
    </ClCompile>
    <ClCompile Include="Bob.cpp">
      <Filter>Source Files\ThomasAndBob</Filter>
    </ClCompile>
    <ClCompile Include="LevelManager.cpp">
      <Filter>Source Files</Filter>
    </ClCompile>
    <ClCompile Include="SoundManager.cpp">
      <Filter>Source Files</Filter>
    </ClCompile>
    <ClCompile Include="populateEmitters.cpp">
      <Filter>Source Files\engine</Filter>
    </ClCompile>
  </ItemGroup>
  <ItemGroup>
    <Image Include="graphics\background.png">
      <Filter>Resource Files\graphics</Filter>
    </Image>
    <Image Include="graphics\bob.png">
      <Filter>Resource Files\graphics</Filter>
    </Image>
    <Image Include="graphics\thomas.png">
      <Filter>Resource Files\graphics</Filter>
    </Image>
    <Image Include="graphics\tiles_sheet.png">
      <Filter>Resource Files\graphics</Filter>
    </Image>
  </ItemGroup>
  <ItemGroup>
    <Font Include="fonts\DS-DIGI.TTF">
      <Filter>Resource Files\fonts</Filter>
    </Font>
    <Font Include="fonts\Roboto-Light.ttf">
      <Filter>Resource Files\fonts</Filter>
    </Font>
  </ItemGroup>
  <ItemGroup>
    <Media Include="sound\fallinfire.wav">
      <Filter>Resource Files\sound</Filter>
    </Media>
    <Media Include="sound\fallinwater.wav">
      <Filter>Resource Files\sound</Filter>
    </Media>
    <Media Include="sound\fire1.wav">
      <Filter>Resource Files\sound</Filter>
    </Media>
    <Media Include="sound\jump.wav">
      <Filter>Resource Files\sound</Filter>
    </Media>
    <Media Include="sound\reachgoal.wav">
      <Filter>Resource Files\sound</Filter>
    </Media>
  </ItemGroup>
  <ItemGroup>
    <Text Include="levels\level1.txt">
      <Filter>Resource Files\levels</Filter>
    </Text>
    <Text Include="levels\level2.txt">
      <Filter>Resource Files\levels</Filter>
    </Text>
    <Text Include="levels\level3.txt">
      <Filter>Resource Files\levels</Filter>
    </Text>
    <Text Include="levels\level4.txt">
      <Filter>Resource Files\levels</Filter>
    </Text>
  </ItemGroup>
  <ItemGroup>
    <None Include="shaders\rippleShader.frag">
      <Filter>Resource Files\shaders</Filter>
    </None>
    <None Include="shaders\vertShader.vert">
      <Filter>Resource Files\shaders</Filter>
    </None>
  </ItemGroup>
  <ItemGroup>
    <ClInclude Include="Engine.h">
      <Filter>Header Files</Filter>
    </ClInclude>
    <ClInclude Include="TextureHolder.h">
      <Filter>Header Files</Filter>
    </ClInclude>
    <ClInclude Include="Thomas.h">
      <Filter>Header Files\ThomasAndBob</Filter>
    </ClInclude>
    <ClInclude Include="PlayableCharacter.h">
      <Filter>Header Files\ThomasAndBob</Filter>
    </ClInclude>
    <ClInclude Include="Bob.h">
      <Filter>Header Files\ThomasAndBob</Filter>
    </ClInclude>
    <ClInclude Include="LevelManager.h">
      <Filter>Header Files</Filter>
    </ClInclude>
    <ClInclude Include="SoundManager.h">
      <Filter>Header Files</Filter>
    </ClInclude>
  </ItemGroup>
</Project>